// !$*UTF8*$!
{
	archiveVersion = 1;
	classes = {
	};
	objectVersion = 56;
	objects = {

/* Begin PBXBuildFile section */
		B92030EF2C5B98EA0092FDF1 /* UserDefaultManager.swift in Sources */ = {isa = PBXBuildFile; fileRef = B92030EE2C5B98EA0092FDF1 /* UserDefaultManager.swift */; };
		B94E140C2C5B560300C315E3 /* SearchBar.swift in Sources */ = {isa = PBXBuildFile; fileRef = B94E140B2C5B560300C315E3 /* SearchBar.swift */; };
		B95144462C57882800F345BA /* App.swift in Sources */ = {isa = PBXBuildFile; fileRef = B95144452C57882800F345BA /* App.swift */; };
		B951444A2C57882A00F345BA /* Assets.xcassets in Resources */ = {isa = PBXBuildFile; fileRef = B95144492C57882A00F345BA /* Assets.xcassets */; };
		B951444D2C57882A00F345BA /* Preview Assets.xcassets in Resources */ = {isa = PBXBuildFile; fileRef = B951444C2C57882A00F345BA /* Preview Assets.xcassets */; };
		B96C41532C58B5EA00CEB929 /* CCTVDto.swift in Sources */ = {isa = PBXBuildFile; fileRef = B96C41522C58B5EA00CEB929 /* CCTVDto.swift */; };
		B96C41552C58B71D00CEB929 /* APIClient.swift in Sources */ = {isa = PBXBuildFile; fileRef = B96C41542C58B71D00CEB929 /* APIClient.swift */; };
		B96C41572C58CA0A00CEB929 /* CCTVViewModel.swift in Sources */ = {isa = PBXBuildFile; fileRef = B96C41562C58CA0A00CEB929 /* CCTVViewModel.swift */; };
		B96C41592C58CD6100CEB929 /* WebView.swift in Sources */ = {isa = PBXBuildFile; fileRef = B96C41582C58CD6100CEB929 /* WebView.swift */; };
		B96C415C2C58D89F00CEB929 /* HomeView.swift in Sources */ = {isa = PBXBuildFile; fileRef = B96C415B2C58D89F00CEB929 /* HomeView.swift */; };
		B96C415E2C58D8AD00CEB929 /* SearchView.swift in Sources */ = {isa = PBXBuildFile; fileRef = B96C415D2C58D8AD00CEB929 /* SearchView.swift */; };
		B96C41602C58D8DA00CEB929 /* FavoriteView.swift in Sources */ = {isa = PBXBuildFile; fileRef = B96C415F2C58D8DA00CEB929 /* FavoriteView.swift */; };
		B96C41662C58DCE800CEB929 /* CCTVDetailView.swift in Sources */ = {isa = PBXBuildFile; fileRef = B96C41652C58DCE800CEB929 /* CCTVDetailView.swift */; };
		B96C41682C58E29F00CEB929 /* MainView.swift in Sources */ = {isa = PBXBuildFile; fileRef = B96C41672C58E29F00CEB929 /* MainView.swift */; };
		B96C416C2C58F1AE00CEB929 /* Constants.swift in Sources */ = {isa = PBXBuildFile; fileRef = B96C416B2C58F1AE00CEB929 /* Constants.swift */; };
		B97B73982C5CD64600631B31 /* Toast.swift in Sources */ = {isa = PBXBuildFile; fileRef = B97B73972C5CD64600631B31 /* Toast.swift */; };
		B9AE6B592C5A27650084A1AC /* LocationManager.swift in Sources */ = {isa = PBXBuildFile; fileRef = B9AE6B582C5A27650084A1AC /* LocationManager.swift */; };
		B9BE12512C5A9FC90002FCEF /* LocationUtil.swift in Sources */ = {isa = PBXBuildFile; fileRef = B9BE12502C5A9FC90002FCEF /* LocationUtil.swift */; };
/* End PBXBuildFile section */

/* Begin PBXFileReference section */
		B92030EE2C5B98EA0092FDF1 /* UserDefaultManager.swift */ = {isa = PBXFileReference; lastKnownFileType = sourcecode.swift; path = UserDefaultManager.swift; sourceTree = "<group>"; };
		B94E140B2C5B560300C315E3 /* SearchBar.swift */ = {isa = PBXFileReference; lastKnownFileType = sourcecode.swift; path = SearchBar.swift; sourceTree = "<group>"; };
		B95144422C57882800F345BA /* Tainan_CCTV.app */ = {isa = PBXFileReference; explicitFileType = wrapper.application; includeInIndex = 0; path = Tainan_CCTV.app; sourceTree = BUILT_PRODUCTS_DIR; };
		B95144452C57882800F345BA /* App.swift */ = {isa = PBXFileReference; lastKnownFileType = sourcecode.swift; path = App.swift; sourceTree = "<group>"; };
		B95144492C57882A00F345BA /* Assets.xcassets */ = {isa = PBXFileReference; lastKnownFileType = folder.assetcatalog; path = Assets.xcassets; sourceTree = "<group>"; };
		B951444C2C57882A00F345BA /* Preview Assets.xcassets */ = {isa = PBXFileReference; lastKnownFileType = folder.assetcatalog; path = "Preview Assets.xcassets"; sourceTree = "<group>"; };
		B96C41522C58B5EA00CEB929 /* CCTVDto.swift */ = {isa = PBXFileReference; lastKnownFileType = sourcecode.swift; path = CCTVDto.swift; sourceTree = "<group>"; };
		B96C41542C58B71D00CEB929 /* APIClient.swift */ = {isa = PBXFileReference; lastKnownFileType = sourcecode.swift; path = APIClient.swift; sourceTree = "<group>"; };
		B96C41562C58CA0A00CEB929 /* CCTVViewModel.swift */ = {isa = PBXFileReference; lastKnownFileType = sourcecode.swift; path = CCTVViewModel.swift; sourceTree = "<group>"; };
		B96C41582C58CD6100CEB929 /* WebView.swift */ = {isa = PBXFileReference; lastKnownFileType = sourcecode.swift; path = WebView.swift; sourceTree = "<group>"; };
		B96C415B2C58D89F00CEB929 /* HomeView.swift */ = {isa = PBXFileReference; lastKnownFileType = sourcecode.swift; path = HomeView.swift; sourceTree = "<group>"; };
		B96C415D2C58D8AD00CEB929 /* SearchView.swift */ = {isa = PBXFileReference; lastKnownFileType = sourcecode.swift; path = SearchView.swift; sourceTree = "<group>"; };
		B96C415F2C58D8DA00CEB929 /* FavoriteView.swift */ = {isa = PBXFileReference; lastKnownFileType = sourcecode.swift; path = FavoriteView.swift; sourceTree = "<group>"; };
		B96C41652C58DCE800CEB929 /* CCTVDetailView.swift */ = {isa = PBXFileReference; lastKnownFileType = sourcecode.swift; name = CCTVDetailView.swift; path = ../components/CCTVDetailView.swift; sourceTree = "<group>"; };
		B96C41672C58E29F00CEB929 /* MainView.swift */ = {isa = PBXFileReference; lastKnownFileType = sourcecode.swift; path = MainView.swift; sourceTree = "<group>"; };
		B96C416B2C58F1AE00CEB929 /* Constants.swift */ = {isa = PBXFileReference; lastKnownFileType = sourcecode.swift; path = Constants.swift; sourceTree = "<group>"; };
		B97B73972C5CD64600631B31 /* Toast.swift */ = {isa = PBXFileReference; lastKnownFileType = sourcecode.swift; path = Toast.swift; sourceTree = "<group>"; };
		B9AE6B582C5A27650084A1AC /* LocationManager.swift */ = {isa = PBXFileReference; lastKnownFileType = sourcecode.swift; path = LocationManager.swift; sourceTree = "<group>"; };
		B9AE6B5A2C5A2B410084A1AC /* Tainan-CCTV-Info.plist */ = {isa = PBXFileReference; lastKnownFileType = text.plist; path = "Tainan-CCTV-Info.plist"; sourceTree = SOURCE_ROOT; };
		B9BE12502C5A9FC90002FCEF /* LocationUtil.swift */ = {isa = PBXFileReference; lastKnownFileType = sourcecode.swift; path = LocationUtil.swift; sourceTree = "<group>"; };
/* End PBXFileReference section */

/* Begin PBXFrameworksBuildPhase section */
		B951443F2C57882800F345BA /* Frameworks */ = {
			isa = PBXFrameworksBuildPhase;
			buildActionMask = 2147483647;
			files = (
			);
			runOnlyForDeploymentPostprocessing = 0;
		};
/* End PBXFrameworksBuildPhase section */

/* Begin PBXGroup section */
		B92030ED2C5B98D00092FDF1 /* db */ = {
			isa = PBXGroup;
			children = (
				B92030EE2C5B98EA0092FDF1 /* UserDefaultManager.swift */,
			);
			path = db;
			sourceTree = "<group>";
		};
		B95144392C57882800F345BA = {
			isa = PBXGroup;
			children = (
				B95144442C57882800F345BA /* Tainan_CCTV */,
				B95144432C57882800F345BA /* Products */,
			);
			sourceTree = "<group>";
		};
		B95144432C57882800F345BA /* Products */ = {
			isa = PBXGroup;
			children = (
				B95144422C57882800F345BA /* Tainan_CCTV.app */,
			);
			name = Products;
			sourceTree = "<group>";
		};
		B95144442C57882800F345BA /* Tainan_CCTV */ = {
			isa = PBXGroup;
			children = (
				B97B73992C5CE28A00631B31 /* model */,
				B92030ED2C5B98D00092FDF1 /* db */,
				B9BE124F2C5A9FB90002FCEF /* utils */,
				B951444B2C57882A00F345BA /* Preview Content */,
				B96C415A2C58D89300CEB929 /* views */,
				B96C41512C58B5C200CEB929 /* remote */,
				B9AE6B572C5A273B0084A1AC /* manager */,
				B95144452C57882800F345BA /* App.swift */,
				B96C416B2C58F1AE00CEB929 /* Constants.swift */,
				B95144492C57882A00F345BA /* Assets.xcassets */,
				B9AE6B5A2C5A2B410084A1AC /* Tainan-CCTV-Info.plist */,
			);
			path = Tainan_CCTV;
			sourceTree = "<group>";
		};
		B951444B2C57882A00F345BA /* Preview Content */ = {
			isa = PBXGroup;
			children = (
				B951444C2C57882A00F345BA /* Preview Assets.xcassets */,
			);
			path = "Preview Content";
			sourceTree = "<group>";
		};
		B96C41512C58B5C200CEB929 /* remote */ = {
			isa = PBXGroup;
			children = (
				B96C41542C58B71D00CEB929 /* APIClient.swift */,
			);
			path = remote;
			sourceTree = "<group>";
		};
		B96C415A2C58D89300CEB929 /* views */ = {
			isa = PBXGroup;
			children = (
				B9AE6B552C5A26AB0084A1AC /* Search */,
				B9AE6B532C5A26A10084A1AC /* home */,
				B96C41612C58DC8F00CEB929 /* cctv */,
				B96C41642C58DCBC00CEB929 /* components */,
				B9AE6B562C5A26AF0084A1AC /* Favorite */,
				B96C41672C58E29F00CEB929 /* MainView.swift */,
			);
			path = views;
			sourceTree = "<group>";
		};
		B96C41612C58DC8F00CEB929 /* cctv */ = {
			isa = PBXGroup;
			children = (
				B96C41652C58DCE800CEB929 /* CCTVDetailView.swift */,
				B96C41562C58CA0A00CEB929 /* CCTVViewModel.swift */,
			);
			path = cctv;
			sourceTree = "<group>";
		};
		B96C41642C58DCBC00CEB929 /* components */ = {
			isa = PBXGroup;
			children = (
				B96C41582C58CD6100CEB929 /* WebView.swift */,
				B97B73972C5CD64600631B31 /* Toast.swift */,
			);
			path = components;
			sourceTree = "<group>";
		};
		B97B73992C5CE28A00631B31 /* model */ = {
			isa = PBXGroup;
			children = (
				B96C41522C58B5EA00CEB929 /* CCTVDto.swift */,
			);
			path = model;
			sourceTree = "<group>";
		};
		B9AE6B532C5A26A10084A1AC /* home */ = {
			isa = PBXGroup;
			children = (
				B96C415B2C58D89F00CEB929 /* HomeView.swift */,
			);
			path = home;
			sourceTree = "<group>";
		};
		B9AE6B552C5A26AB0084A1AC /* Search */ = {
			isa = PBXGroup;
			children = (
				B96C415D2C58D8AD00CEB929 /* SearchView.swift */,
				B94E140B2C5B560300C315E3 /* SearchBar.swift */,
			);
			path = Search;
			sourceTree = "<group>";
		};
		B9AE6B562C5A26AF0084A1AC /* Favorite */ = {
			isa = PBXGroup;
			children = (
				B96C415F2C58D8DA00CEB929 /* FavoriteView.swift */,
			);
			path = Favorite;
			sourceTree = "<group>";
		};
		B9AE6B572C5A273B0084A1AC /* manager */ = {
			isa = PBXGroup;
			children = (
				B9AE6B582C5A27650084A1AC /* LocationManager.swift */,
			);
			path = manager;
			sourceTree = "<group>";
		};
		B9BE124F2C5A9FB90002FCEF /* utils */ = {
			isa = PBXGroup;
			children = (
				B9BE12502C5A9FC90002FCEF /* LocationUtil.swift */,
			);
			path = utils;
			sourceTree = "<group>";
		};
/* End PBXGroup section */

/* Begin PBXNativeTarget section */
		B95144412C57882800F345BA /* Tainan_CCTV */ = {
			isa = PBXNativeTarget;
			buildConfigurationList = B95144502C57882A00F345BA /* Build configuration list for PBXNativeTarget "Tainan_CCTV" */;
			buildPhases = (
				B951443E2C57882800F345BA /* Sources */,
				B951443F2C57882800F345BA /* Frameworks */,
				B95144402C57882800F345BA /* Resources */,
			);
			buildRules = (
			);
			dependencies = (
			);
			name = Tainan_CCTV;
			productName = Tainan_CCTV;
			productReference = B95144422C57882800F345BA /* Tainan_CCTV.app */;
			productType = "com.apple.product-type.application";
		};
/* End PBXNativeTarget section */

/* Begin PBXProject section */
		B951443A2C57882800F345BA /* Project object */ = {
			isa = PBXProject;
			attributes = {
				BuildIndependentTargetsInParallel = 1;
				LastSwiftUpdateCheck = 1540;
				LastUpgradeCheck = 1540;
				TargetAttributes = {
					B95144412C57882800F345BA = {
						CreatedOnToolsVersion = 15.4;
					};
				};
			};
			buildConfigurationList = B951443D2C57882800F345BA /* Build configuration list for PBXProject "Tainan_CCTV" */;
			compatibilityVersion = "Xcode 14.0";
			developmentRegion = en;
			hasScannedForEncodings = 0;
			knownRegions = (
				en,
				Base,
			);
			mainGroup = B95144392C57882800F345BA;
			productRefGroup = B95144432C57882800F345BA /* Products */;
			projectDirPath = "";
			projectRoot = "";
			targets = (
				B95144412C57882800F345BA /* Tainan_CCTV */,
			);
		};
/* End PBXProject section */

/* Begin PBXResourcesBuildPhase section */
		B95144402C57882800F345BA /* Resources */ = {
			isa = PBXResourcesBuildPhase;
			buildActionMask = 2147483647;
			files = (
				B951444D2C57882A00F345BA /* Preview Assets.xcassets in Resources */,
				B951444A2C57882A00F345BA /* Assets.xcassets in Resources */,
			);
			runOnlyForDeploymentPostprocessing = 0;
		};
/* End PBXResourcesBuildPhase section */

/* Begin PBXSourcesBuildPhase section */
		B951443E2C57882800F345BA /* Sources */ = {
			isa = PBXSourcesBuildPhase;
			buildActionMask = 2147483647;
			files = (
				B96C41532C58B5EA00CEB929 /* CCTVDto.swift in Sources */,
				B92030EF2C5B98EA0092FDF1 /* UserDefaultManager.swift in Sources */,
				B97B73982C5CD64600631B31 /* Toast.swift in Sources */,
				B96C41662C58DCE800CEB929 /* CCTVDetailView.swift in Sources */,
				B96C415C2C58D89F00CEB929 /* HomeView.swift in Sources */,
				B96C41572C58CA0A00CEB929 /* CCTVViewModel.swift in Sources */,
				B94E140C2C5B560300C315E3 /* SearchBar.swift in Sources */,
				B96C415E2C58D8AD00CEB929 /* SearchView.swift in Sources */,
				B96C416C2C58F1AE00CEB929 /* Constants.swift in Sources */,
				B9BE12512C5A9FC90002FCEF /* LocationUtil.swift in Sources */,
				B96C41592C58CD6100CEB929 /* WebView.swift in Sources */,
				B96C41682C58E29F00CEB929 /* MainView.swift in Sources */,
				B95144462C57882800F345BA /* App.swift in Sources */,
				B96C41602C58D8DA00CEB929 /* FavoriteView.swift in Sources */,
				B96C41552C58B71D00CEB929 /* APIClient.swift in Sources */,
				B9AE6B592C5A27650084A1AC /* LocationManager.swift in Sources */,
			);
			runOnlyForDeploymentPostprocessing = 0;
		};
/* End PBXSourcesBuildPhase section */

/* Begin XCBuildConfiguration section */
		B951444E2C57882A00F345BA /* Debug */ = {
			isa = XCBuildConfiguration;
			buildSettings = {
				ALWAYS_SEARCH_USER_PATHS = NO;
				ASSETCATALOG_COMPILER_GENERATE_SWIFT_ASSET_SYMBOL_EXTENSIONS = YES;
				CLANG_ANALYZER_NONNULL = YES;
				CLANG_ANALYZER_NUMBER_OBJECT_CONVERSION = YES_AGGRESSIVE;
				CLANG_CXX_LANGUAGE_STANDARD = "gnu++20";
				CLANG_ENABLE_MODULES = YES;
				CLANG_ENABLE_OBJC_ARC = YES;
				CLANG_ENABLE_OBJC_WEAK = YES;
				CLANG_WARN_BLOCK_CAPTURE_AUTORELEASING = YES;
				CLANG_WARN_BOOL_CONVERSION = YES;
				CLANG_WARN_COMMA = YES;
				CLANG_WARN_CONSTANT_CONVERSION = YES;
				CLANG_WARN_DEPRECATED_OBJC_IMPLEMENTATIONS = YES;
				CLANG_WARN_DIRECT_OBJC_ISA_USAGE = YES_ERROR;
				CLANG_WARN_DOCUMENTATION_COMMENTS = YES;
				CLANG_WARN_EMPTY_BODY = YES;
				CLANG_WARN_ENUM_CONVERSION = YES;
				CLANG_WARN_INFINITE_RECURSION = YES;
				CLANG_WARN_INT_CONVERSION = YES;
				CLANG_WARN_NON_LITERAL_NULL_CONVERSION = YES;
				CLANG_WARN_OBJC_IMPLICIT_RETAIN_SELF = YES;
				CLANG_WARN_OBJC_LITERAL_CONVERSION = YES;
				CLANG_WARN_OBJC_ROOT_CLASS = YES_ERROR;
				CLANG_WARN_QUOTED_INCLUDE_IN_FRAMEWORK_HEADER = YES;
				CLANG_WARN_RANGE_LOOP_ANALYSIS = YES;
				CLANG_WARN_STRICT_PROTOTYPES = YES;
				CLANG_WARN_SUSPICIOUS_MOVE = YES;
				CLANG_WARN_UNGUARDED_AVAILABILITY = YES_AGGRESSIVE;
				CLANG_WARN_UNREACHABLE_CODE = YES;
				CLANG_WARN__DUPLICATE_METHOD_MATCH = YES;
				COPY_PHASE_STRIP = NO;
				DEBUG_INFORMATION_FORMAT = dwarf;
				ENABLE_STRICT_OBJC_MSGSEND = YES;
				ENABLE_TESTABILITY = YES;
				ENABLE_USER_SCRIPT_SANDBOXING = YES;
				GCC_C_LANGUAGE_STANDARD = gnu17;
				GCC_DYNAMIC_NO_PIC = NO;
				GCC_NO_COMMON_BLOCKS = YES;
				GCC_OPTIMIZATION_LEVEL = 0;
				GCC_PREPROCESSOR_DEFINITIONS = (
					"DEBUG=1",
					"$(inherited)",
				);
				GCC_WARN_64_TO_32_BIT_CONVERSION = YES;
				GCC_WARN_ABOUT_RETURN_TYPE = YES_ERROR;
				GCC_WARN_UNDECLARED_SELECTOR = YES;
				GCC_WARN_UNINITIALIZED_AUTOS = YES_AGGRESSIVE;
				GCC_WARN_UNUSED_FUNCTION = YES;
				GCC_WARN_UNUSED_VARIABLE = YES;
				IPHONEOS_DEPLOYMENT_TARGET = 17.5;
				LOCALIZATION_PREFERS_STRING_CATALOGS = YES;
				MTL_ENABLE_DEBUG_INFO = INCLUDE_SOURCE;
				MTL_FAST_MATH = YES;
				ONLY_ACTIVE_ARCH = YES;
				SDKROOT = iphoneos;
				SWIFT_ACTIVE_COMPILATION_CONDITIONS = "DEBUG $(inherited)";
				SWIFT_OPTIMIZATION_LEVEL = "-Onone";
			};
			name = Debug;
		};
		B951444F2C57882A00F345BA /* Release */ = {
			isa = XCBuildConfiguration;
			buildSettings = {
				ALWAYS_SEARCH_USER_PATHS = NO;
				ASSETCATALOG_COMPILER_GENERATE_SWIFT_ASSET_SYMBOL_EXTENSIONS = YES;
				CLANG_ANALYZER_NONNULL = YES;
				CLANG_ANALYZER_NUMBER_OBJECT_CONVERSION = YES_AGGRESSIVE;
				CLANG_CXX_LANGUAGE_STANDARD = "gnu++20";
				CLANG_ENABLE_MODULES = YES;
				CLANG_ENABLE_OBJC_ARC = YES;
				CLANG_ENABLE_OBJC_WEAK = YES;
				CLANG_WARN_BLOCK_CAPTURE_AUTORELEASING = YES;
				CLANG_WARN_BOOL_CONVERSION = YES;
				CLANG_WARN_COMMA = YES;
				CLANG_WARN_CONSTANT_CONVERSION = YES;
				CLANG_WARN_DEPRECATED_OBJC_IMPLEMENTATIONS = YES;
				CLANG_WARN_DIRECT_OBJC_ISA_USAGE = YES_ERROR;
				CLANG_WARN_DOCUMENTATION_COMMENTS = YES;
				CLANG_WARN_EMPTY_BODY = YES;
				CLANG_WARN_ENUM_CONVERSION = YES;
				CLANG_WARN_INFINITE_RECURSION = YES;
				CLANG_WARN_INT_CONVERSION = YES;
				CLANG_WARN_NON_LITERAL_NULL_CONVERSION = YES;
				CLANG_WARN_OBJC_IMPLICIT_RETAIN_SELF = YES;
				CLANG_WARN_OBJC_LITERAL_CONVERSION = YES;
				CLANG_WARN_OBJC_ROOT_CLASS = YES_ERROR;
				CLANG_WARN_QUOTED_INCLUDE_IN_FRAMEWORK_HEADER = YES;
				CLANG_WARN_RANGE_LOOP_ANALYSIS = YES;
				CLANG_WARN_STRICT_PROTOTYPES = YES;
				CLANG_WARN_SUSPICIOUS_MOVE = YES;
				CLANG_WARN_UNGUARDED_AVAILABILITY = YES_AGGRESSIVE;
				CLANG_WARN_UNREACHABLE_CODE = YES;
				CLANG_WARN__DUPLICATE_METHOD_MATCH = YES;
				COPY_PHASE_STRIP = NO;
				DEBUG_INFORMATION_FORMAT = "dwarf-with-dsym";
				ENABLE_NS_ASSERTIONS = NO;
				ENABLE_STRICT_OBJC_MSGSEND = YES;
				ENABLE_USER_SCRIPT_SANDBOXING = YES;
				GCC_C_LANGUAGE_STANDARD = gnu17;
				GCC_NO_COMMON_BLOCKS = YES;
				GCC_WARN_64_TO_32_BIT_CONVERSION = YES;
				GCC_WARN_ABOUT_RETURN_TYPE = YES_ERROR;
				GCC_WARN_UNDECLARED_SELECTOR = YES;
				GCC_WARN_UNINITIALIZED_AUTOS = YES_AGGRESSIVE;
				GCC_WARN_UNUSED_FUNCTION = YES;
				GCC_WARN_UNUSED_VARIABLE = YES;
				IPHONEOS_DEPLOYMENT_TARGET = 17.5;
				LOCALIZATION_PREFERS_STRING_CATALOGS = YES;
				MTL_ENABLE_DEBUG_INFO = NO;
				MTL_FAST_MATH = YES;
				SDKROOT = iphoneos;
				SWIFT_COMPILATION_MODE = wholemodule;
				VALIDATE_PRODUCT = YES;
			};
			name = Release;
		};
		B95144512C57882A00F345BA /* Debug */ = {
			isa = XCBuildConfiguration;
			buildSettings = {
				ASSETCATALOG_COMPILER_APPICON_NAME = AppIcon;
				ASSETCATALOG_COMPILER_GLOBAL_ACCENT_COLOR_NAME = AccentColor;
				CODE_SIGN_STYLE = Automatic;
				CURRENT_PROJECT_VERSION = 1;
				DEVELOPMENT_ASSET_PATHS = "\"Tainan_CCTV/Preview Content\"";
				DEVELOPMENT_TEAM = 887KJL9KL8;
				ENABLE_PREVIEWS = YES;
				GENERATE_INFOPLIST_FILE = YES;
				INFOPLIST_FILE = "Tainan-CCTV-Info.plist";
				INFOPLIST_KEY_UIApplicationSceneManifest_Generation = YES;
				INFOPLIST_KEY_UIApplicationSupportsIndirectInputEvents = YES;
				INFOPLIST_KEY_UILaunchScreen_Generation = YES;
				INFOPLIST_KEY_UISupportedInterfaceOrientations_iPad = "UIInterfaceOrientationPortrait UIInterfaceOrientationPortraitUpsideDown UIInterfaceOrientationLandscapeLeft UIInterfaceOrientationLandscapeRight";
				INFOPLIST_KEY_UISupportedInterfaceOrientations_iPhone = "UIInterfaceOrientationPortrait UIInterfaceOrientationLandscapeLeft UIInterfaceOrientationLandscapeRight";
				LD_RUNPATH_SEARCH_PATHS = (
					"$(inherited)",
					"@executable_path/Frameworks",
				);
				MARKETING_VERSION = 1.0;
				PRODUCT_BUNDLE_IDENTIFIER = "VOSS.Tainan-CCTV";
				PRODUCT_NAME = "$(TARGET_NAME)";
				SWIFT_EMIT_LOC_STRINGS = YES;
				SWIFT_VERSION = 5.0;
				TARGETED_DEVICE_FAMILY = "1,2";
			};
			name = Debug;
		};
		B95144522C57882A00F345BA /* Release */ = {
			isa = XCBuildConfiguration;
			buildSettings = {
				ASSETCATALOG_COMPILER_APPICON_NAME = AppIcon;
				ASSETCATALOG_COMPILER_GLOBAL_ACCENT_COLOR_NAME = AccentColor;
				CODE_SIGN_STYLE = Automatic;
				CURRENT_PROJECT_VERSION = 1;
				DEVELOPMENT_ASSET_PATHS = "\"Tainan_CCTV/Preview Content\"";
				DEVELOPMENT_TEAM = 887KJL9KL8;
				ENABLE_PREVIEWS = YES;
				GENERATE_INFOPLIST_FILE = YES;
				INFOPLIST_FILE = "Tainan-CCTV-Info.plist";
				INFOPLIST_KEY_UIApplicationSceneManifest_Generation = YES;
				INFOPLIST_KEY_UIApplicationSupportsIndirectInputEvents = YES;
				INFOPLIST_KEY_UILaunchScreen_Generation = YES;
				INFOPLIST_KEY_UISupportedInterfaceOrientations_iPad = "UIInterfaceOrientationPortrait UIInterfaceOrientationPortraitUpsideDown UIInterfaceOrientationLandscapeLeft UIInterfaceOrientationLandscapeRight";
				INFOPLIST_KEY_UISupportedInterfaceOrientations_iPhone = "UIInterfaceOrientationPortrait UIInterfaceOrientationLandscapeLeft UIInterfaceOrientationLandscapeRight";
				LD_RUNPATH_SEARCH_PATHS = (
					"$(inherited)",
					"@executable_path/Frameworks",
				);
				MARKETING_VERSION = 1.0;
				PRODUCT_BUNDLE_IDENTIFIER = "VOSS.Tainan-CCTV";
				PRODUCT_NAME = "$(TARGET_NAME)";
				SWIFT_EMIT_LOC_STRINGS = YES;
				SWIFT_VERSION = 5.0;
				TARGETED_DEVICE_FAMILY = "1,2";
			};
			name = Release;
		};
/* End XCBuildConfiguration section */

/* Begin XCConfigurationList section */
		B951443D2C57882800F345BA /* Build configuration list for PBXProject "Tainan_CCTV" */ = {
			isa = XCConfigurationList;
			buildConfigurations = (
				B951444E2C57882A00F345BA /* Debug */,
				B951444F2C57882A00F345BA /* Release */,
			);
			defaultConfigurationIsVisible = 0;
			defaultConfigurationName = Release;
		};
		B95144502C57882A00F345BA /* Build configuration list for PBXNativeTarget "Tainan_CCTV" */ = {
			isa = XCConfigurationList;
			buildConfigurations = (
				B95144512C57882A00F345BA /* Debug */,
				B95144522C57882A00F345BA /* Release */,
			);
			defaultConfigurationIsVisible = 0;
			defaultConfigurationName = Release;
		};
/* End XCConfigurationList section */
	};
	rootObject = B951443A2C57882800F345BA /* Project object */;
}
